
Microsoft Visual Studio Solution File, Format Version 12.00
# Visual Studio Version 16
VisualStudioVersion = 16.0.29519.181
MinimumVisualStudioVersion = 10.0.40219.1
Project("{FAE04EC0-301F-11D3-BF4B-00C04F79EFBC}") = "BeatSaberPlus", "BeatSaberPlus\BeatSaberPlus.csproj", "{84972BAC-4FAF-4DA8-92ED-E3A735AF0E92}"
EndProject
Project("{FAE04EC0-301F-11D3-BF4B-00C04F79EFBC}") = "BeatSaberPlus_ChatIntegrations", "Modules\BeatSaberPlus_ChatIntegrations\BeatSaberPlus_ChatIntegrations.csproj", "{90ACB2CE-005E-4FB1-9E4C-AF227E165440}"
EndProject
Project("{FAE04EC0-301F-11D3-BF4B-00C04F79EFBC}") = "BeatSaberPlus_SongChartVisualizer", "Modules\BeatSaberPlus_SongChartVisualizer\BeatSaberPlus_SongChartVisualizer.csproj", "{07E42F20-AE5B-4BDA-8260-970191C61EB3}"
EndProject
Project("{FAE04EC0-301F-11D3-BF4B-00C04F79EFBC}") = "BeatSaberPlus_ChatRequest", "Modules\BeatSaberPlus_ChatRequest\BeatSaberPlus_ChatRequest.csproj", "{EB5AD22C-8B2E-4B17-8EB9-606553DB68AE}"
EndProject
Project("{2150E333-8FDC-42A3-9474-1A3956D46DE8}") = "Modules", "Modules", "{B5DB9381-A080-4EE6-B5D4-01C4E0251F49}"
EndProject
Project("{FAE04EC0-301F-11D3-BF4B-00C04F79EFBC}") = "BeatSaberPlus_NoteTweaker", "Modules\BeatSaberPlus_NoteTweaker\BeatSaberPlus_NoteTweaker.csproj", "{DDBC9483-C077-4485-A720-D7DA3A76CA34}"
EndProject
Project("{FAE04EC0-301F-11D3-BF4B-00C04F79EFBC}") = "BeatSaberPlus_ChatEmoteRain", "Modules\BeatSaberPlus_ChatEmoteRain\BeatSaberPlus_ChatEmoteRain.csproj", "{D529EDCC-39F3-47B7-8CD9-B740F8BC6495}"
EndProject
Project("{FAE04EC0-301F-11D3-BF4B-00C04F79EFBC}") = "BeatSaberPlus_MenuMusic", "Modules\BeatSaberPlus_MenuMusic\BeatSaberPlus_MenuMusic.csproj", "{BFE64437-FBB4-4002-863B-42DAFB451F86}"
EndProject
Project("{2150E333-8FDC-42A3-9474-1A3956D46DE8}") = "Samples", "Samples", "{438B64F8-5A95-46D9-BEA7-A5D8E939A6B6}"
EndProject
Project("{FAE04EC0-301F-11D3-BF4B-00C04F79EFBC}") = "BeatSaberPlus_ModuleTemplate", "Samples\BeatSaberPlus_ModuleTemplate\BeatSaberPlus_ModuleTemplate.csproj", "{9F8AE720-7BB7-4AE2-8737-78618F85FB8C}"
EndProject
Project("{FAE04EC0-301F-11D3-BF4B-00C04F79EFBC}") = "BeatSaberPlus_Chat", "Modules\BeatSaberPlus_Chat\BeatSaberPlus_Chat.csproj", "{2DE1608F-407F-4B11-BE8A-D4CCDCD910A1}"
EndProject
Project("{FAE04EC0-301F-11D3-BF4B-00C04F79EFBC}") = "BeatSaberPlus_GameTweaker", "Modules\BeatSaberPlus_GameTweaker\BeatSaberPlus_GameTweaker.csproj", "{C1F6F190-4A2D-4C28-917B-9D2704E098F9}"
EndProject
Project("{FAE04EC0-301F-11D3-BF4B-00C04F79EFBC}") = "BeatSaberPlus_SongOverlay", "Modules\BeatSaberPlus_SongOverlay\BeatSaberPlus_SongOverlay.csproj", "{193F6510-339A-472A-B5E2-9739A3567384}"
EndProject
Global
	GlobalSection(SolutionConfigurationPlatforms) = preSolution
		Debug|Any CPU = Debug|Any CPU
		Debug|x64 = Debug|x64
		Release|Any CPU = Release|Any CPU
		Release|x64 = Release|x64
	EndGlobalSection
	GlobalSection(ProjectConfigurationPlatforms) = postSolution
		{84972BAC-4FAF-4DA8-92ED-E3A735AF0E92}.Debug|Any CPU.ActiveCfg = Debug|Any CPU
		{84972BAC-4FAF-4DA8-92ED-E3A735AF0E92}.Debug|Any CPU.Build.0 = Debug|Any CPU
		{84972BAC-4FAF-4DA8-92ED-E3A735AF0E92}.Debug|x64.ActiveCfg = Debug|x64
		{84972BAC-4FAF-4DA8-92ED-E3A735AF0E92}.Debug|x64.Build.0 = Debug|x64
		{84972BAC-4FAF-4DA8-92ED-E3A735AF0E92}.Release|Any CPU.ActiveCfg = Release|Any CPU
		{84972BAC-4FAF-4DA8-92ED-E3A735AF0E92}.Release|Any CPU.Build.0 = Release|Any CPU
		{84972BAC-4FAF-4DA8-92ED-E3A735AF0E92}.Release|x64.ActiveCfg = Release|x64
		{84972BAC-4FAF-4DA8-92ED-E3A735AF0E92}.Release|x64.Build.0 = Release|x64
		{90ACB2CE-005E-4FB1-9E4C-AF227E165440}.Debug|Any CPU.ActiveCfg = Debug|Any CPU
		{90ACB2CE-005E-4FB1-9E4C-AF227E165440}.Debug|Any CPU.Build.0 = Debug|Any CPU
		{90ACB2CE-005E-4FB1-9E4C-AF227E165440}.Debug|x64.ActiveCfg = Debug|Any CPU
		{90ACB2CE-005E-4FB1-9E4C-AF227E165440}.Debug|x64.Build.0 = Debug|Any CPU
		{90ACB2CE-005E-4FB1-9E4C-AF227E165440}.Release|Any CPU.ActiveCfg = Release|Any CPU
		{90ACB2CE-005E-4FB1-9E4C-AF227E165440}.Release|Any CPU.Build.0 = Release|Any CPU
		{90ACB2CE-005E-4FB1-9E4C-AF227E165440}.Release|x64.ActiveCfg = Release|Any CPU
		{90ACB2CE-005E-4FB1-9E4C-AF227E165440}.Release|x64.Build.0 = Release|Any CPU
		{07E42F20-AE5B-4BDA-8260-970191C61EB3}.Debug|Any CPU.ActiveCfg = Debug|Any CPU
		{07E42F20-AE5B-4BDA-8260-970191C61EB3}.Debug|Any CPU.Build.0 = Debug|Any CPU
		{07E42F20-AE5B-4BDA-8260-970191C61EB3}.Debug|x64.ActiveCfg = Debug|Any CPU
		{07E42F20-AE5B-4BDA-8260-970191C61EB3}.Debug|x64.Build.0 = Debug|Any CPU
		{07E42F20-AE5B-4BDA-8260-970191C61EB3}.Release|Any CPU.ActiveCfg = Release|Any CPU
		{07E42F20-AE5B-4BDA-8260-970191C61EB3}.Release|Any CPU.Build.0 = Release|Any CPU
		{07E42F20-AE5B-4BDA-8260-970191C61EB3}.Release|x64.ActiveCfg = Release|Any CPU
		{07E42F20-AE5B-4BDA-8260-970191C61EB3}.Release|x64.Build.0 = Release|Any CPU
		{EB5AD22C-8B2E-4B17-8EB9-606553DB68AE}.Debug|Any CPU.ActiveCfg = Debug|Any CPU
		{EB5AD22C-8B2E-4B17-8EB9-606553DB68AE}.Debug|Any CPU.Build.0 = Debug|Any CPU
		{EB5AD22C-8B2E-4B17-8EB9-606553DB68AE}.Debug|x64.ActiveCfg = Debug|Any CPU
		{EB5AD22C-8B2E-4B17-8EB9-606553DB68AE}.Debug|x64.Build.0 = Debug|Any CPU
		{EB5AD22C-8B2E-4B17-8EB9-606553DB68AE}.Release|Any CPU.ActiveCfg = Release|Any CPU
		{EB5AD22C-8B2E-4B17-8EB9-606553DB68AE}.Release|Any CPU.Build.0 = Release|Any CPU
		{EB5AD22C-8B2E-4B17-8EB9-606553DB68AE}.Release|x64.ActiveCfg = Release|Any CPU
		{EB5AD22C-8B2E-4B17-8EB9-606553DB68AE}.Release|x64.Build.0 = Release|Any CPU
		{DDBC9483-C077-4485-A720-D7DA3A76CA34}.Debug|Any CPU.ActiveCfg = Debug|Any CPU
		{DDBC9483-C077-4485-A720-D7DA3A76CA34}.Debug|Any CPU.Build.0 = Debug|Any CPU
		{DDBC9483-C077-4485-A720-D7DA3A76CA34}.Debug|x64.ActiveCfg = Debug|Any CPU
		{DDBC9483-C077-4485-A720-D7DA3A76CA34}.Debug|x64.Build.0 = Debug|Any CPU
		{DDBC9483-C077-4485-A720-D7DA3A76CA34}.Release|Any CPU.ActiveCfg = Release|Any CPU
		{DDBC9483-C077-4485-A720-D7DA3A76CA34}.Release|Any CPU.Build.0 = Release|Any CPU
		{DDBC9483-C077-4485-A720-D7DA3A76CA34}.Release|x64.ActiveCfg = Release|Any CPU
		{DDBC9483-C077-4485-A720-D7DA3A76CA34}.Release|x64.Build.0 = Release|Any CPU
		{D529EDCC-39F3-47B7-8CD9-B740F8BC6495}.Debug|Any CPU.ActiveCfg = Debug|Any CPU
		{D529EDCC-39F3-47B7-8CD9-B740F8BC6495}.Debug|Any CPU.Build.0 = Debug|Any CPU
		{D529EDCC-39F3-47B7-8CD9-B740F8BC6495}.Debug|x64.ActiveCfg = Debug|Any CPU
		{D529EDCC-39F3-47B7-8CD9-B740F8BC6495}.Debug|x64.Build.0 = Debug|Any CPU
		{D529EDCC-39F3-47B7-8CD9-B740F8BC6495}.Release|Any CPU.ActiveCfg = Release|Any CPU
		{D529EDCC-39F3-47B7-8CD9-B740F8BC6495}.Release|Any CPU.Build.0 = Release|Any CPU
		{D529EDCC-39F3-47B7-8CD9-B740F8BC6495}.Release|x64.ActiveCfg = Release|Any CPU
		{D529EDCC-39F3-47B7-8CD9-B740F8BC6495}.Release|x64.Build.0 = Release|Any CPU
		{BFE64437-FBB4-4002-863B-42DAFB451F86}.Debug|Any CPU.ActiveCfg = Debug|Any CPU
		{BFE64437-FBB4-4002-863B-42DAFB451F86}.Debug|Any CPU.Build.0 = Debug|Any CPU
		{BFE64437-FBB4-4002-863B-42DAFB451F86}.Debug|x64.ActiveCfg = Debug|Any CPU
		{BFE64437-FBB4-4002-863B-42DAFB451F86}.Debug|x64.Build.0 = Debug|Any CPU
		{BFE64437-FBB4-4002-863B-42DAFB451F86}.Release|Any CPU.ActiveCfg = Release|Any CPU
		{BFE64437-FBB4-4002-863B-42DAFB451F86}.Release|Any CPU.Build.0 = Release|Any CPU
		{BFE64437-FBB4-4002-863B-42DAFB451F86}.Release|x64.ActiveCfg = Release|Any CPU
		{BFE64437-FBB4-4002-863B-42DAFB451F86}.Release|x64.Build.0 = Release|Any CPU
		{93F246B8-DA82-4581-B485-9AF2AC2DBF7B}.Debug|Any CPU.ActiveCfg = Debug|Any CPU
		{93F246B8-DA82-4581-B485-9AF2AC2DBF7B}.Debug|Any CPU.Build.0 = Debug|Any CPU
		{93F246B8-DA82-4581-B485-9AF2AC2DBF7B}.Debug|x64.ActiveCfg = Debug|Any CPU
		{93F246B8-DA82-4581-B485-9AF2AC2DBF7B}.Debug|x64.Build.0 = Debug|Any CPU
		{93F246B8-DA82-4581-B485-9AF2AC2DBF7B}.Release|Any CPU.ActiveCfg = Release|Any CPU
		{93F246B8-DA82-4581-B485-9AF2AC2DBF7B}.Release|Any CPU.Build.0 = Release|Any CPU
		{93F246B8-DA82-4581-B485-9AF2AC2DBF7B}.Release|x64.ActiveCfg = Release|Any CPU
		{93F246B8-DA82-4581-B485-9AF2AC2DBF7B}.Release|x64.Build.0 = Release|Any CPU
		{C661FC90-C439-46CB-8876-3FFB0B1D0E3A}.Debug|Any CPU.ActiveCfg = Debug|Any CPU
		{C661FC90-C439-46CB-8876-3FFB0B1D0E3A}.Debug|Any CPU.Build.0 = Debug|Any CPU
		{C661FC90-C439-46CB-8876-3FFB0B1D0E3A}.Debug|x64.ActiveCfg = Debug|Any CPU
		{C661FC90-C439-46CB-8876-3FFB0B1D0E3A}.Debug|x64.Build.0 = Debug|Any CPU
		{C661FC90-C439-46CB-8876-3FFB0B1D0E3A}.Release|Any CPU.ActiveCfg = Release|Any CPU
		{C661FC90-C439-46CB-8876-3FFB0B1D0E3A}.Release|Any CPU.Build.0 = Release|Any CPU
		{C661FC90-C439-46CB-8876-3FFB0B1D0E3A}.Release|x64.ActiveCfg = Release|Any CPU
		{C661FC90-C439-46CB-8876-3FFB0B1D0E3A}.Release|x64.Build.0 = Release|Any CPU
		{9F8AE720-7BB7-4AE2-8737-78618F85FB8C}.Debug|Any CPU.ActiveCfg = Debug|Any CPU
		{9F8AE720-7BB7-4AE2-8737-78618F85FB8C}.Debug|Any CPU.Build.0 = Debug|Any CPU
		{9F8AE720-7BB7-4AE2-8737-78618F85FB8C}.Debug|x64.ActiveCfg = Debug|Any CPU
		{9F8AE720-7BB7-4AE2-8737-78618F85FB8C}.Debug|x64.Build.0 = Debug|Any CPU
		{9F8AE720-7BB7-4AE2-8737-78618F85FB8C}.Release|Any CPU.ActiveCfg = Release|Any CPU
		{9F8AE720-7BB7-4AE2-8737-78618F85FB8C}.Release|Any CPU.Build.0 = Release|Any CPU
		{9F8AE720-7BB7-4AE2-8737-78618F85FB8C}.Release|x64.ActiveCfg = Release|Any CPU
		{9F8AE720-7BB7-4AE2-8737-78618F85FB8C}.Release|x64.Build.0 = Release|Any CPU
		{2DE1608F-407F-4B11-BE8A-D4CCDCD910A1}.Debug|Any CPU.ActiveCfg = Debug|Any CPU
		{2DE1608F-407F-4B11-BE8A-D4CCDCD910A1}.Debug|Any CPU.Build.0 = Debug|Any CPU
		{2DE1608F-407F-4B11-BE8A-D4CCDCD910A1}.Debug|x64.ActiveCfg = Debug|Any CPU
		{2DE1608F-407F-4B11-BE8A-D4CCDCD910A1}.Debug|x64.Build.0 = Debug|Any CPU
		{2DE1608F-407F-4B11-BE8A-D4CCDCD910A1}.Release|Any CPU.ActiveCfg = Release|Any CPU
		{2DE1608F-407F-4B11-BE8A-D4CCDCD910A1}.Release|Any CPU.Build.0 = Release|Any CPU
		{2DE1608F-407F-4B11-BE8A-D4CCDCD910A1}.Release|x64.ActiveCfg = Release|Any CPU
		{2DE1608F-407F-4B11-BE8A-D4CCDCD910A1}.Release|x64.Build.0 = Release|Any CPU
		{C1F6F190-4A2D-4C28-917B-9D2704E098F9}.Debug|Any CPU.ActiveCfg = Debug|Any CPU
		{C1F6F190-4A2D-4C28-917B-9D2704E098F9}.Debug|Any CPU.Build.0 = Debug|Any CPU
		{C1F6F190-4A2D-4C28-917B-9D2704E098F9}.Debug|x64.ActiveCfg = Debug|Any CPU
		{C1F6F190-4A2D-4C28-917B-9D2704E098F9}.Debug|x64.Build.0 = Debug|Any CPU
		{C1F6F190-4A2D-4C28-917B-9D2704E098F9}.Release|Any CPU.ActiveCfg = Release|Any CPU
		{C1F6F190-4A2D-4C28-917B-9D2704E098F9}.Release|Any CPU.Build.0 = Release|Any CPU
		{C1F6F190-4A2D-4C28-917B-9D2704E098F9}.Release|x64.ActiveCfg = Release|Any CPU
		{C1F6F190-4A2D-4C28-917B-9D2704E098F9}.Release|x64.Build.0 = Release|Any CPU
		{193F6510-339A-472A-B5E2-9739A3567384}.Debug|Any CPU.ActiveCfg = Debug|Any CPU
		{193F6510-339A-472A-B5E2-9739A3567384}.Debug|Any CPU.Build.0 = Debug|Any CPU
		{193F6510-339A-472A-B5E2-9739A3567384}.Debug|x64.ActiveCfg = Debug|Any CPU
		{193F6510-339A-472A-B5E2-9739A3567384}.Debug|x64.Build.0 = Debug|Any CPU
		{193F6510-339A-472A-B5E2-9739A3567384}.Release|Any CPU.ActiveCfg = Release|Any CPU
		{193F6510-339A-472A-B5E2-9739A3567384}.Release|Any CPU.Build.0 = Release|Any CPU
		{193F6510-339A-472A-B5E2-9739A3567384}.Release|x64.ActiveCfg = Release|Any CPU
		{193F6510-339A-472A-B5E2-9739A3567384}.Release|x64.Build.0 = Release|Any CPU
	EndGlobalSection
	GlobalSection(SolutionProperties) = preSolution
		HideSolutionNode = FALSE
	EndGlobalSection
	GlobalSection(NestedProjects) = preSolution
		{90ACB2CE-005E-4FB1-9E4C-AF227E165440} = {B5DB9381-A080-4EE6-B5D4-01C4E0251F49}
		{07E42F20-AE5B-4BDA-8260-970191C61EB3} = {B5DB9381-A080-4EE6-B5D4-01C4E0251F49}
		{EB5AD22C-8B2E-4B17-8EB9-606553DB68AE} = {B5DB9381-A080-4EE6-B5D4-01C4E0251F49}
		{DDBC9483-C077-4485-A720-D7DA3A76CA34} = {B5DB9381-A080-4EE6-B5D4-01C4E0251F49}
		{D529EDCC-39F3-47B7-8CD9-B740F8BC6495} = {B5DB9381-A080-4EE6-B5D4-01C4E0251F49}
		{BFE64437-FBB4-4002-863B-42DAFB451F86} = {B5DB9381-A080-4EE6-B5D4-01C4E0251F49}
		{93F246B8-DA82-4581-B485-9AF2AC2DBF7B} = {5BE117BB-81EE-4B1E-B3B7-888F97368CF3}
		{C661FC90-C439-46CB-8876-3FFB0B1D0E3A} = {4A92F157-D042-40C5-8B33-387CFD9BB809}
		{9F8AE720-7BB7-4AE2-8737-78618F85FB8C} = {438B64F8-5A95-46D9-BEA7-A5D8E939A6B6}
		{2DE1608F-407F-4B11-BE8A-D4CCDCD910A1} = {B5DB9381-A080-4EE6-B5D4-01C4E0251F49}
		{C1F6F190-4A2D-4C28-917B-9D2704E098F9} = {B5DB9381-A080-4EE6-B5D4-01C4E0251F49}
		{193F6510-339A-472A-B5E2-9739A3567384} = {B5DB9381-A080-4EE6-B5D4-01C4E0251F49}
	EndGlobalSection
	GlobalSection(ExtensibilityGlobals) = postSolution
		SolutionGuid = {E7AEA519-703A-47D9-8C34-ADA6DEAF8953}
	EndGlobalSection
EndGlobal
